
Microsoft Visual Studio Solution File, Format Version 12.00
# Visual Studio Version 17
VisualStudioVersion = 17.3.32922.545
MinimumVisualStudioVersion = 10.0.40219.1
Project("{FAE04EC0-301F-11D3-BF4B-00C04F79EFBC}") = "BuilderLab1", "BuilderLab1\BuilderLab1.csproj", "{8283A781-CB67-4B84-9833-532D90E78CD9}"
EndProject
Global
	GlobalSection(SolutionConfigurationPlatforms) = preSolution
		Debug|Any CPU = Debug|Any CPU
		Release|Any CPU = Release|Any CPU
	EndGlobalSection
	GlobalSection(ProjectConfigurationPlatforms) = postSolution
		{8283A781-CB67-4B84-9833-532D90E78CD9}.Debug|Any CPU.ActiveCfg = Debug|Any CPU
		{8283A781-CB67-4B84-9833-532D90E78CD9}.Debug|Any CPU.Build.0 = Debug|Any CPU
		{8283A781-CB67-4B84-9833-532D90E78CD9}.Release|Any CPU.ActiveCfg = Release|Any CPU
		{8283A781-CB67-4B84-9833-532D90E78CD9}.Release|Any CPU.Build.0 = Release|Any CPU
	EndGlobalSection
	GlobalSection(SolutionProperties) = preSolution
		HideSolutionNode = FALSE
	EndGlobalSection
	GlobalSection(ExtensibilityGlobals) = postSolution
		SolutionGuid = {D21E4B06-767C-43CB-8839-0DE4513270A1}
	EndGlobalSection
EndGlobal
